
Microsoft Visual Studio Solution File, Format Version 12.00
# Visual Studio Version 17
VisualStudioVersion = 17.8.34525.116
MinimumVisualStudioVersion = 10.0.40219.1
Project("{FAE04EC0-301F-11D3-BF4B-00C04F79EFBC}") = "PobreFlix", "PobreFlix\PobreFlix.csproj", "{18B50867-F592-48D6-BD0F-B90BD6BB8CAA}"
EndProject
Global
	GlobalSection(SolutionConfigurationPlatforms) = preSolution
		Debug|Any CPU = Debug|Any CPU
		Release|Any CPU = Release|Any CPU
	EndGlobalSection
	GlobalSection(ProjectConfigurationPlatforms) = postSolution
		{18B50867-F592-48D6-BD0F-B90BD6BB8CAA}.Debug|Any CPU.ActiveCfg = Debug|Any CPU
		{18B50867-F592-48D6-BD0F-B90BD6BB8CAA}.Debug|Any CPU.Build.0 = Debug|Any CPU
		{18B50867-F592-48D6-BD0F-B90BD6BB8CAA}.Debug|Any CPU.Deploy.0 = Debug|Any CPU
		{18B50867-F592-48D6-BD0F-B90BD6BB8CAA}.Release|Any CPU.ActiveCfg = Release|Any CPU
		{18B50867-F592-48D6-BD0F-B90BD6BB8CAA}.Release|Any CPU.Build.0 = Release|Any CPU
		{18B50867-F592-48D6-BD0F-B90BD6BB8CAA}.Release|Any CPU.Deploy.0 = Release|Any CPU
	EndGlobalSection
	GlobalSection(SolutionProperties) = preSolution
		HideSolutionNode = FALSE
	EndGlobalSection
	GlobalSection(ExtensibilityGlobals) = postSolution
		SolutionGuid = {8398C6EB-6594-41AF-87A2-523ABE33AD8E}
	EndGlobalSection
EndGlobal
